
Microsoft Visual Studio Solution File, Format Version 12.00
# Visual Studio Version 16
VisualStudioVersion = 16.0.33801.447
MinimumVisualStudioVersion = 10.0.40219.1
Project("{9A19103F-16F7-4668-BE54-9A1E7A4F7556}") = "RealisticThrusters", "RealisticThrusters.csproj", "{BC7A834F-5CA8-4874-B516-FA2CB90530E7}"
EndProject
Global
	GlobalSection(SolutionConfigurationPlatforms) = preSolution
		Debug|Any CPU = Debug|Any CPU
		Debug|x64 = Debug|x64
		Release|Any CPU = Release|Any CPU
		Release|x64 = Release|x64
	EndGlobalSection
	GlobalSection(ProjectConfigurationPlatforms) = postSolution
		{BC7A834F-5CA8-4874-B516-FA2CB90530E7}.Debug|Any CPU.ActiveCfg = Debug|x64
		{BC7A834F-5CA8-4874-B516-FA2CB90530E7}.Debug|Any CPU.Build.0 = Debug|x64
		{BC7A834F-5CA8-4874-B516-FA2CB90530E7}.Debug|x64.ActiveCfg = Debug|x64
		{BC7A834F-5CA8-4874-B516-FA2CB90530E7}.Debug|x64.Build.0 = Debug|x64
		{BC7A834F-5CA8-4874-B516-FA2CB90530E7}.Release|Any CPU.ActiveCfg = Release|Any CPU
		{BC7A834F-5CA8-4874-B516-FA2CB90530E7}.Release|Any CPU.Build.0 = Release|Any CPU
		{BC7A834F-5CA8-4874-B516-FA2CB90530E7}.Release|x64.ActiveCfg = Release|x64
		{BC7A834F-5CA8-4874-B516-FA2CB90530E7}.Release|x64.Build.0 = Release|x64
	EndGlobalSection
	GlobalSection(SolutionProperties) = preSolution
		HideSolutionNode = FALSE
	EndGlobalSection
	GlobalSection(ExtensibilityGlobals) = postSolution
		SolutionGuid = {E9864FF9-3D4A-42FA-85E7-758EED5FA906}
	EndGlobalSection
EndGlobal
